
Microsoft Visual Studio Solution File, Format Version 12.00
# Visual Studio Version 16
VisualStudioVersion = 16.0.29920.165
MinimumVisualStudioVersion = 10.0.40219.1
Project("{888888A0-9F3D-457C-B088-3A5042F75D52}") = "real_url_GUI", "real_url_GUI.pyproj", "{297E84F6-E1EB-45A6-AF98-AF40E6739842}"
EndProject
Global
	GlobalSection(SolutionConfigurationPlatforms) = preSolution
		Debug|Any CPU = Debug|Any CPU
		Release|Any CPU = Release|Any CPU
	EndGlobalSection
	GlobalSection(ProjectConfigurationPlatforms) = postSolution
		{297E84F6-E1EB-45A6-AF98-AF40E6739842}.Debug|Any CPU.ActiveCfg = Debug|Any CPU
		{297E84F6-E1EB-45A6-AF98-AF40E6739842}.Release|Any CPU.ActiveCfg = Release|Any CPU
	EndGlobalSection
	GlobalSection(SolutionProperties) = preSolution
		HideSolutionNode = FALSE
	EndGlobalSection
	GlobalSection(ExtensibilityGlobals) = postSolution
		SolutionGuid = {0AB6EA17-379C-4093-AA45-87A3C9EC2FAD}
	EndGlobalSection
EndGlobal
